
Microsoft Visual Studio Solution File, Format Version 12.00
# Visual Studio Version 17
VisualStudioVersion = 17.4.33213.308
MinimumVisualStudioVersion = 10.0.40219.1
Project("{FAE04EC0-301F-11D3-BF4B-00C04F79EFBC}") = "Module5Exercise1.Android", "Module5Exercise1\Module5Exercise1.Android\Module5Exercise1.Android.csproj", "{823F21DF-2614-4445-9CA2-8AC5E845AFBC}"
EndProject
Project("{FAE04EC0-301F-11D3-BF4B-00C04F79EFBC}") = "Module5Exercise1", "Module5Exercise1\Module5Exercise1\Module5Exercise1.csproj", "{A1DF90FF-F18B-483E-B571-02213FE3C1A0}"
EndProject
Global
	GlobalSection(SolutionConfigurationPlatforms) = preSolution
		Debug|Any CPU = Debug|Any CPU
		Release|Any CPU = Release|Any CPU
	EndGlobalSection
	GlobalSection(ProjectConfigurationPlatforms) = postSolution
		{823F21DF-2614-4445-9CA2-8AC5E845AFBC}.Debug|Any CPU.ActiveCfg = Debug|Any CPU
		{823F21DF-2614-4445-9CA2-8AC5E845AFBC}.Debug|Any CPU.Build.0 = Debug|Any CPU
		{823F21DF-2614-4445-9CA2-8AC5E845AFBC}.Debug|Any CPU.Deploy.0 = Debug|Any CPU
		{823F21DF-2614-4445-9CA2-8AC5E845AFBC}.Release|Any CPU.ActiveCfg = Release|Any CPU
		{823F21DF-2614-4445-9CA2-8AC5E845AFBC}.Release|Any CPU.Build.0 = Release|Any CPU
		{823F21DF-2614-4445-9CA2-8AC5E845AFBC}.Release|Any CPU.Deploy.0 = Release|Any CPU
		{A1DF90FF-F18B-483E-B571-02213FE3C1A0}.Debug|Any CPU.ActiveCfg = Debug|Any CPU
		{A1DF90FF-F18B-483E-B571-02213FE3C1A0}.Debug|Any CPU.Build.0 = Debug|Any CPU
		{A1DF90FF-F18B-483E-B571-02213FE3C1A0}.Debug|Any CPU.Deploy.0 = Debug|Any CPU
		{A1DF90FF-F18B-483E-B571-02213FE3C1A0}.Release|Any CPU.ActiveCfg = Release|Any CPU
		{A1DF90FF-F18B-483E-B571-02213FE3C1A0}.Release|Any CPU.Build.0 = Release|Any CPU
		{A1DF90FF-F18B-483E-B571-02213FE3C1A0}.Release|Any CPU.Deploy.0 = Release|Any CPU
	EndGlobalSection
	GlobalSection(SolutionProperties) = preSolution
		HideSolutionNode = FALSE
	EndGlobalSection
	GlobalSection(ExtensibilityGlobals) = postSolution
		SolutionGuid = {23A60D70-3A1F-45DE-A9E1-9C127733A727}
	EndGlobalSection
EndGlobal
